
Microsoft Visual Studio Solution File, Format Version 12.00
# Visual Studio Version 17
VisualStudioVersion = 17.0.32112.339
MinimumVisualStudioVersion = 10.0.40219.1
Project("{8BC9CEB8-8B4A-11D0-8D11-00A0C91BC942}") = "libACR", "libACR\libACR.vcxproj", "{7C91DB52-6FD2-4F80-8082-A879006216C9}"
EndProject
Project("{8BC9CEB8-8B4A-11D0-8D11-00A0C91BC942}") = "quick_start", "quick_start\quick_start.vcxproj", "{A31C0594-3BB8-45B5-AEB1-AAB296712472}"
EndProject
Project("{8BC9CEB8-8B4A-11D0-8D11-00A0C91BC942}") = "test_buffer", "test_buffer\test_buffer.vcxproj", "{867F4BCB-9381-4F04-9A00-94E96DB16B82}"
EndProject
Project("{8BC9CEB8-8B4A-11D0-8D11-00A0C91BC942}") = "test_varbuffer", "test_varbuffer\test_varbuffer.vcxproj", "{6AAD4B06-C92C-458A-8497-AFF12366E1AB}"
EndProject
Project("{8BC9CEB8-8B4A-11D0-8D11-00A0C91BC942}") = "test_string", "test_string\test_string.vcxproj", "{DB1E2A2D-BE4A-4ABF-8CFA-05B9D07DEE10}"
EndProject
Global
	GlobalSection(SolutionConfigurationPlatforms) = preSolution
		Debug|x64 = Debug|x64
		GitHub|x64 = GitHub|x64
		Release|x64 = Release|x64
	EndGlobalSection
	GlobalSection(ProjectConfigurationPlatforms) = postSolution
		{7C91DB52-6FD2-4F80-8082-A879006216C9}.Debug|x64.ActiveCfg = Debug|x64
		{7C91DB52-6FD2-4F80-8082-A879006216C9}.Debug|x64.Build.0 = Debug|x64
		{7C91DB52-6FD2-4F80-8082-A879006216C9}.GitHub|x64.ActiveCfg = Debug|x64
		{7C91DB52-6FD2-4F80-8082-A879006216C9}.GitHub|x64.Build.0 = Debug|x64
		{7C91DB52-6FD2-4F80-8082-A879006216C9}.Release|x64.ActiveCfg = Release|x64
		{7C91DB52-6FD2-4F80-8082-A879006216C9}.Release|x64.Build.0 = Release|x64
		{A31C0594-3BB8-45B5-AEB1-AAB296712472}.Debug|x64.ActiveCfg = Debug|x64
		{A31C0594-3BB8-45B5-AEB1-AAB296712472}.Debug|x64.Build.0 = Debug|x64
		{A31C0594-3BB8-45B5-AEB1-AAB296712472}.GitHub|x64.ActiveCfg = Debug|x64
		{A31C0594-3BB8-45B5-AEB1-AAB296712472}.GitHub|x64.Build.0 = Debug|x64
		{A31C0594-3BB8-45B5-AEB1-AAB296712472}.Release|x64.ActiveCfg = Release|x64
		{A31C0594-3BB8-45B5-AEB1-AAB296712472}.Release|x64.Build.0 = Release|x64
		{867F4BCB-9381-4F04-9A00-94E96DB16B82}.Debug|x64.ActiveCfg = Debug|x64
		{867F4BCB-9381-4F04-9A00-94E96DB16B82}.Debug|x64.Build.0 = Debug|x64
		{867F4BCB-9381-4F04-9A00-94E96DB16B82}.GitHub|x64.ActiveCfg = Debug|x64
		{867F4BCB-9381-4F04-9A00-94E96DB16B82}.GitHub|x64.Build.0 = Debug|x64
		{867F4BCB-9381-4F04-9A00-94E96DB16B82}.Release|x64.ActiveCfg = Release|x64
		{867F4BCB-9381-4F04-9A00-94E96DB16B82}.Release|x64.Build.0 = Release|x64
		{6AAD4B06-C92C-458A-8497-AFF12366E1AB}.Debug|x64.ActiveCfg = Debug|x64
		{6AAD4B06-C92C-458A-8497-AFF12366E1AB}.Debug|x64.Build.0 = Debug|x64
		{6AAD4B06-C92C-458A-8497-AFF12366E1AB}.GitHub|x64.ActiveCfg = Debug|x64
		{6AAD4B06-C92C-458A-8497-AFF12366E1AB}.GitHub|x64.Build.0 = Debug|x64
		{6AAD4B06-C92C-458A-8497-AFF12366E1AB}.Release|x64.ActiveCfg = Release|x64
		{6AAD4B06-C92C-458A-8497-AFF12366E1AB}.Release|x64.Build.0 = Release|x64
		{DB1E2A2D-BE4A-4ABF-8CFA-05B9D07DEE10}.Debug|x64.ActiveCfg = Debug|x64
		{DB1E2A2D-BE4A-4ABF-8CFA-05B9D07DEE10}.Debug|x64.Build.0 = Debug|x64
		{DB1E2A2D-BE4A-4ABF-8CFA-05B9D07DEE10}.GitHub|x64.ActiveCfg = Debug|x64
		{DB1E2A2D-BE4A-4ABF-8CFA-05B9D07DEE10}.GitHub|x64.Build.0 = Debug|x64
		{DB1E2A2D-BE4A-4ABF-8CFA-05B9D07DEE10}.Release|x64.ActiveCfg = Release|x64
		{DB1E2A2D-BE4A-4ABF-8CFA-05B9D07DEE10}.Release|x64.Build.0 = Release|x64
	EndGlobalSection
	GlobalSection(SolutionProperties) = preSolution
		HideSolutionNode = FALSE
	EndGlobalSection
	GlobalSection(ExtensibilityGlobals) = postSolution
		SolutionGuid = {6CDE9D0F-219F-4325-A71C-1CFFCB7B70D6}
	EndGlobalSection
EndGlobal
